Microsoft Visual Studio Solution File, Format Version 11.00
# Visual Studio 2008

Project("{A7E7E4D1-0980-0049-3BB0-FDD1B169BCFE}") = "unity-adaptability-debugging", "Assembly-CSharp.csproj", "{83A49924-8F6F-215E-89AB-2EB47805E0D7}"
EndProject
Global
	GlobalSection(SolutionConfigurationPlatforms) = preSolution
		Debug|Any CPU = Debug|Any CPU
		Release|Any CPU = Release|Any CPU
	EndGlobalSection
	GlobalSection(ProjectConfigurationPlatforms) = postSolution
		{83A49924-8F6F-215E-89AB-2EB47805E0D7}.Debug|Any CPU.ActiveCfg = Debug|Any CPU
		{83A49924-8F6F-215E-89AB-2EB47805E0D7}.Debug|Any CPU.Build.0 = Debug|Any CPU
		{83A49924-8F6F-215E-89AB-2EB47805E0D7}.Release|Any CPU.ActiveCfg = Release|Any CPU
		{83A49924-8F6F-215E-89AB-2EB47805E0D7}.Release|Any CPU.Build.0 = Release|Any CPU
	EndGlobalSection
	GlobalSection(SolutionProperties) = preSolution
		HideSolutionNode = FALSE
	EndGlobalSection
	GlobalSection(MonoDevelopProperties) = preSolution
		StartupItem = Assembly-CSharp.csproj
	EndGlobalSection
EndGlobal
